github.com/michael-valdron/hugo-theme-nix v0.0.0-20230606070430-ebb2e2c8781e h1:G82+1KzF5E2C6yPeRKwrGfMWOh/ylTiTVoqSz/SIsx8=
github.com/michael-valdron/hugo-theme-nix v0.0.0-20230606070430-ebb2e2c8781e/go.mod h1:CLf9TplaMN2TbzXOrE9unovfH919gjwp1oOpbu6iIX8=
github.com/michael-valdron/hugo-theme-nix v0.0.0-20230621004041-d48ecfc30d9e h1:cAp7TwOHOaBuLAeFqoB0qkpk3y4q80uhUKbDYKmLhB0=
github.com/michael-valdron/hugo-theme-nix v0.0.0-20230621004041-d48ecfc30d9e/go.mod h1:CLf9TplaMN2TbzXOrE9unovfH919gjwp1oOpbu6iIX8=
